
Microsoft Visual Studio Solution File, Format Version 12.00
# Visual Studio Version 17
VisualStudioVersion = 17.11.35327.3
MinimumVisualStudioVersion = 10.0.40219.1
Project("{9A19103F-16F7-4668-BE54-9A1E7A4F7556}") = "rcsa", "rcsa\rcsa.csproj", "{C550B02F-A753-4B38-B51C-878209EDA02C}"
EndProject
Global
	GlobalSection(SolutionConfigurationPlatforms) = preSolution
		Debug|Any CPU = Debug|Any CPU
		Release|Any CPU = Release|Any CPU
	EndGlobalSection
	GlobalSection(ProjectConfigurationPlatforms) = postSolution
		{C550B02F-A753-4B38-B51C-878209EDA02C}.Debug|Any CPU.ActiveCfg = Debug|Any CPU
		{C550B02F-A753-4B38-B51C-878209EDA02C}.Debug|Any CPU.Build.0 = Debug|Any CPU
		{C550B02F-A753-4B38-B51C-878209EDA02C}.Release|Any CPU.ActiveCfg = Release|Any CPU
		{C550B02F-A753-4B38-B51C-878209EDA02C}.Release|Any CPU.Build.0 = Release|Any CPU
	EndGlobalSection
	GlobalSection(SolutionProperties) = preSolution
		HideSolutionNode = FALSE
	EndGlobalSection
	GlobalSection(ExtensibilityGlobals) = postSolution
		SolutionGuid = {C91D1C98-5AD3-4162-ABB9-5E5CC4435D25}
	EndGlobalSection
EndGlobal
